// !$*UTF8*$!
{
	archiveVersion = 1;
	classes = {
	};
	objectVersion = 50;
	objects = {

/* Begin PBXBuildFile section */
		F7E795672488204900D3FA58 /* PGN_Writer.framework in Frameworks */ = {isa = PBXBuildFile; fileRef = F7E7955D2488204900D3FA58 /* PGN_Writer.framework */; };
		F7E7956C2488204900D3FA58 /* PGN_WriterTests.swift in Sources */ = {isa = PBXBuildFile; fileRef = F7E7956B2488204900D3FA58 /* PGN_WriterTests.swift */; };
		F7E7956E2488204900D3FA58 /* PGN_Writer.h in Headers */ = {isa = PBXBuildFile; fileRef = F7E795602488204900D3FA58 /* PGN_Writer.h */; settings = {ATTRIBUTES = (Public, ); }; };
		F7E795782488207500D3FA58 /* Square.swift in Sources */ = {isa = PBXBuildFile; fileRef = F7E795772488207500D3FA58 /* Square.swift */; };
		F7E7957A248824C900D3FA58 /* Tag.swift in Sources */ = {isa = PBXBuildFile; fileRef = F7E79579248824C900D3FA58 /* Tag.swift */; };
		F7E7957C248826A800D3FA58 /* EventTag.swift in Sources */ = {isa = PBXBuildFile; fileRef = F7E7957B248826A800D3FA58 /* EventTag.swift */; };
		F7E7958024882AA800D3FA58 /* EventTag.swift in Sources */ = {isa = PBXBuildFile; fileRef = F7E7957F24882AA800D3FA58 /* EventTag.swift */; };
		F7E79582248833E100D3FA58 /* SiteTag.swift in Sources */ = {isa = PBXBuildFile; fileRef = F7E79581248833E100D3FA58 /* SiteTag.swift */; };
		F7E795892488514700D3FA58 /* SiteTag.swift in Sources */ = {isa = PBXBuildFile; fileRef = F7E795882488514700D3FA58 /* SiteTag.swift */; };
/* End PBXBuildFile section */

/* Begin PBXContainerItemProxy section */
		F7E795682488204900D3FA58 /* PBXContainerItemProxy */ = {
			isa = PBXContainerItemProxy;
			containerPortal = F7E795542488204900D3FA58 /* Project object */;
			proxyType = 1;
			remoteGlobalIDString = F7E7955C2488204900D3FA58;
			remoteInfo = "PGN-Writer";
		};
/* End PBXContainerItemProxy section */

/* Begin PBXFileReference section */
		F7E7955D2488204900D3FA58 /* PGN_Writer.framework */ = {isa = PBXFileReference; explicitFileType = wrapper.framework; includeInIndex = 0; path = PGN_Writer.framework; sourceTree = BUILT_PRODUCTS_DIR; };
		F7E795602488204900D3FA58 /* PGN_Writer.h */ = {isa = PBXFileReference; lastKnownFileType = sourcecode.c.h; path = PGN_Writer.h; sourceTree = "<group>"; };
		F7E795612488204900D3FA58 /* Info.plist */ = {isa = PBXFileReference; lastKnownFileType = text.plist.xml; path = Info.plist; sourceTree = "<group>"; };
		F7E795662488204900D3FA58 /* PGN-WriterTests.xctest */ = {isa = PBXFileReference; explicitFileType = wrapper.cfbundle; includeInIndex = 0; path = "PGN-WriterTests.xctest"; sourceTree = BUILT_PRODUCTS_DIR; };
		F7E7956B2488204900D3FA58 /* PGN_WriterTests.swift */ = {isa = PBXFileReference; lastKnownFileType = sourcecode.swift; path = PGN_WriterTests.swift; sourceTree = "<group>"; };
		F7E7956D2488204900D3FA58 /* Info.plist */ = {isa = PBXFileReference; lastKnownFileType = text.plist.xml; path = Info.plist; sourceTree = "<group>"; };
		F7E795772488207500D3FA58 /* Square.swift */ = {isa = PBXFileReference; lastKnownFileType = sourcecode.swift; path = Square.swift; sourceTree = "<group>"; };
		F7E79579248824C900D3FA58 /* Tag.swift */ = {isa = PBXFileReference; lastKnownFileType = sourcecode.swift; path = Tag.swift; sourceTree = "<group>"; };
		F7E7957B248826A800D3FA58 /* EventTag.swift */ = {isa = PBXFileReference; lastKnownFileType = sourcecode.swift; path = EventTag.swift; sourceTree = "<group>"; };
		F7E7957F24882AA800D3FA58 /* EventTag.swift */ = {isa = PBXFileReference; lastKnownFileType = sourcecode.swift; path = EventTag.swift; sourceTree = "<group>"; };
		F7E79581248833E100D3FA58 /* SiteTag.swift */ = {isa = PBXFileReference; lastKnownFileType = sourcecode.swift; path = SiteTag.swift; sourceTree = "<group>"; };
		F7E795882488514700D3FA58 /* SiteTag.swift */ = {isa = PBXFileReference; lastKnownFileType = sourcecode.swift; path = SiteTag.swift; sourceTree = "<group>"; };
/* End PBXFileReference section */

/* Begin PBXFrameworksBuildPhase section */
		F7E7955A2488204900D3FA58 /* Frameworks */ = {
			isa = PBXFrameworksBuildPhase;
			buildActionMask = 2147483647;
			files = (
			);
			runOnlyForDeploymentPostprocessing = 0;
		};
		F7E795632488204900D3FA58 /* Frameworks */ = {
			isa = PBXFrameworksBuildPhase;
			buildActionMask = 2147483647;
			files = (
				F7E795672488204900D3FA58 /* PGN_Writer.framework in Frameworks */,
			);
			runOnlyForDeploymentPostprocessing = 0;
		};
/* End PBXFrameworksBuildPhase section */

/* Begin PBXGroup section */
		F7E795532488204900D3FA58 = {
			isa = PBXGroup;
			children = (
				F7E7955F2488204900D3FA58 /* PGN-Writer */,
				F7E7956A2488204900D3FA58 /* PGN-WriterTests */,
				F7E7955E2488204900D3FA58 /* Products */,
			);
			sourceTree = "<group>";
		};
		F7E7955E2488204900D3FA58 /* Products */ = {
			isa = PBXGroup;
			children = (
				F7E7955D2488204900D3FA58 /* PGN_Writer.framework */,
				F7E795662488204900D3FA58 /* PGN-WriterTests.xctest */,
			);
			name = Products;
			sourceTree = "<group>";
		};
		F7E7955F2488204900D3FA58 /* PGN-Writer */ = {
			isa = PBXGroup;
			children = (
				F7E7957E24882A7A00D3FA58 /* Tag */,
				F7E795602488204900D3FA58 /* PGN_Writer.h */,
				F7E795612488204900D3FA58 /* Info.plist */,
				F7E795772488207500D3FA58 /* Square.swift */,
			);
			path = "PGN-Writer";
			sourceTree = "<group>";
		};
		F7E7956A2488204900D3FA58 /* PGN-WriterTests */ = {
			isa = PBXGroup;
			children = (
				F7E7957D24882A7400D3FA58 /* Tag */,
				F7E7956B2488204900D3FA58 /* PGN_WriterTests.swift */,
				F7E7956D2488204900D3FA58 /* Info.plist */,
			);
			path = "PGN-WriterTests";
			sourceTree = "<group>";
		};
		F7E7957D24882A7400D3FA58 /* Tag */ = {
			isa = PBXGroup;
			children = (
				F7E7957F24882AA800D3FA58 /* EventTag.swift */,
				F7E795882488514700D3FA58 /* SiteTag.swift */,
			);
			path = Tag;
			sourceTree = "<group>";
		};
		F7E7957E24882A7A00D3FA58 /* Tag */ = {
			isa = PBXGroup;
			children = (
				F7E79579248824C900D3FA58 /* Tag.swift */,
				F7E7957B248826A800D3FA58 /* EventTag.swift */,
				F7E79581248833E100D3FA58 /* SiteTag.swift */,
			);
			path = Tag;
			sourceTree = "<group>";
		};
/* End PBXGroup section */

/* Begin PBXHeadersBuildPhase section */
		F7E795582488204900D3FA58 /* Headers */ = {
			isa = PBXHeadersBuildPhase;
			buildActionMask = 2147483647;
			files = (
				F7E7956E2488204900D3FA58 /* PGN_Writer.h in Headers */,
			);
			runOnlyForDeploymentPostprocessing = 0;
		};
/* End PBXHeadersBuildPhase section */

/* Begin PBXNativeTarget section */
		F7E7955C2488204900D3FA58 /* PGN-Writer */ = {
			isa = PBXNativeTarget;
			buildConfigurationList = F7E795712488204900D3FA58 /* Build configuration list for PBXNativeTarget "PGN-Writer" */;
			buildPhases = (
				F7E795582488204900D3FA58 /* Headers */,
				F7E795592488204900D3FA58 /* Sources */,
				F7E7955A2488204900D3FA58 /* Frameworks */,
				F7E7955B2488204900D3FA58 /* Resources */,
			);
			buildRules = (
			);
			dependencies = (
			);
			name = "PGN-Writer";
			productName = "PGN-Writer";
			productReference = F7E7955D2488204900D3FA58 /* PGN_Writer.framework */;
			productType = "com.apple.product-type.framework";
		};
		F7E795652488204900D3FA58 /* PGN-WriterTests */ = {
			isa = PBXNativeTarget;
			buildConfigurationList = F7E795742488204900D3FA58 /* Build configuration list for PBXNativeTarget "PGN-WriterTests" */;
			buildPhases = (
				F7E795622488204900D3FA58 /* Sources */,
				F7E795632488204900D3FA58 /* Frameworks */,
				F7E795642488204900D3FA58 /* Resources */,
			);
			buildRules = (
			);
			dependencies = (
				F7E795692488204900D3FA58 /* PBXTargetDependency */,
			);
			name = "PGN-WriterTests";
			productName = "PGN-WriterTests";
			productReference = F7E795662488204900D3FA58 /* PGN-WriterTests.xctest */;
			productType = "com.apple.product-type.bundle.unit-test";
		};
/* End PBXNativeTarget section */

/* Begin PBXProject section */
		F7E795542488204900D3FA58 /* Project object */ = {
			isa = PBXProject;
			attributes = {
				LastSwiftUpdateCheck = 1150;
				LastUpgradeCheck = 1150;
				ORGANIZATIONNAME = A.F;
				TargetAttributes = {
					F7E7955C2488204900D3FA58 = {
						CreatedOnToolsVersion = 11.5;
						LastSwiftMigration = 1150;
					};
					F7E795652488204900D3FA58 = {
						CreatedOnToolsVersion = 11.5;
					};
				};
			};
			buildConfigurationList = F7E795572488204900D3FA58 /* Build configuration list for PBXProject "PGN-Writer" */;
			compatibilityVersion = "Xcode 9.3";
			developmentRegion = en;
			hasScannedForEncodings = 0;
			knownRegions = (
				en,
				Base,
			);
			mainGroup = F7E795532488204900D3FA58;
			productRefGroup = F7E7955E2488204900D3FA58 /* Products */;
			projectDirPath = "";
			projectRoot = "";
			targets = (
				F7E7955C2488204900D3FA58 /* PGN-Writer */,
				F7E795652488204900D3FA58 /* PGN-WriterTests */,
			);
		};
/* End PBXProject section */

/* Begin PBXResourcesBuildPhase section */
		F7E7955B2488204900D3FA58 /* Resources */ = {
			isa = PBXResourcesBuildPhase;
			buildActionMask = 2147483647;
			files = (
			);
			runOnlyForDeploymentPostprocessing = 0;
		};
		F7E795642488204900D3FA58 /* Resources */ = {
			isa = PBXResourcesBuildPhase;
			buildActionMask = 2147483647;
			files = (
			);
			runOnlyForDeploymentPostprocessing = 0;
		};
/* End PBXResourcesBuildPhase section */

/* Begin PBXSourcesBuildPhase section */
		F7E795592488204900D3FA58 /* Sources */ = {
			isa = PBXSourcesBuildPhase;
			buildActionMask = 2147483647;
			files = (
				F7E7957A248824C900D3FA58 /* Tag.swift in Sources */,
				F7E79582248833E100D3FA58 /* SiteTag.swift in Sources */,
				F7E795782488207500D3FA58 /* Square.swift in Sources */,
				F7E7957C248826A800D3FA58 /* EventTag.swift in Sources */,
			);
			runOnlyForDeploymentPostprocessing = 0;
		};
		F7E795622488204900D3FA58 /* Sources */ = {
			isa = PBXSourcesBuildPhase;
			buildActionMask = 2147483647;
			files = (
				F7E795892488514700D3FA58 /* SiteTag.swift in Sources */,
				F7E7956C2488204900D3FA58 /* PGN_WriterTests.swift in Sources */,
				F7E7958024882AA800D3FA58 /* EventTag.swift in Sources */,
			);
			runOnlyForDeploymentPostprocessing = 0;
		};
/* End PBXSourcesBuildPhase section */

/* Begin PBXTargetDependency section */
		F7E795692488204900D3FA58 /* PBXTargetDependency */ = {
			isa = PBXTargetDependency;
			target = F7E7955C2488204900D3FA58 /* PGN-Writer */;
			targetProxy = F7E795682488204900D3FA58 /* PBXContainerItemProxy */;
		};
/* End PBXTargetDependency section */

/* Begin XCBuildConfiguration section */
		F7E7956F2488204900D3FA58 /* Debug */ = {
			isa = XCBuildConfiguration;
			buildSettings = {
				ALWAYS_SEARCH_USER_PATHS = NO;
				CLANG_ANALYZER_NONNULL = YES;
				CLANG_ANALYZER_NUMBER_OBJECT_CONVERSION = YES_AGGRESSIVE;
				CLANG_CXX_LANGUAGE_STANDARD = "gnu++14";
				CLANG_CXX_LIBRARY = "libc++";
				CLANG_ENABLE_MODULES = YES;
				CLANG_ENABLE_OBJC_ARC = YES;
				CLANG_ENABLE_OBJC_WEAK = YES;
				CLANG_WARN_BLOCK_CAPTURE_AUTORELEASING = YES;
				CLANG_WARN_BOOL_CONVERSION = YES;
				CLANG_WARN_COMMA = YES;
				CLANG_WARN_CONSTANT_CONVERSION = YES;
				CLANG_WARN_DEPRECATED_OBJC_IMPLEMENTATIONS = YES;
				CLANG_WARN_DIRECT_OBJC_ISA_USAGE = YES_ERROR;
				CLANG_WARN_DOCUMENTATION_COMMENTS = YES;
				CLANG_WARN_EMPTY_BODY = YES;
				CLANG_WARN_ENUM_CONVERSION = YES;
				CLANG_WARN_INFINITE_RECURSION = YES;
				CLANG_WARN_INT_CONVERSION = YES;
				CLANG_WARN_NON_LITERAL_NULL_CONVERSION = YES;
				CLANG_WARN_OBJC_IMPLICIT_RETAIN_SELF = YES;
				CLANG_WARN_OBJC_LITERAL_CONVERSION = YES;
				CLANG_WARN_OBJC_ROOT_CLASS = YES_ERROR;
				CLANG_WARN_RANGE_LOOP_ANALYSIS = YES;
				CLANG_WARN_STRICT_PROTOTYPES = YES;
				CLANG_WARN_SUSPICIOUS_MOVE = YES;
				CLANG_WARN_UNGUARDED_AVAILABILITY = YES_AGGRESSIVE;
				CLANG_WARN_UNREACHABLE_CODE = YES;
				CLANG_WARN__DUPLICATE_METHOD_MATCH = YES;
				COPY_PHASE_STRIP = NO;
				CURRENT_PROJECT_VERSION = 1;
				DEBUG_INFORMATION_FORMAT = dwarf;
				ENABLE_STRICT_OBJC_MSGSEND = YES;
				ENABLE_TESTABILITY = YES;
				GCC_C_LANGUAGE_STANDARD = gnu11;
				GCC_DYNAMIC_NO_PIC = NO;
				GCC_NO_COMMON_BLOCKS = YES;
				GCC_OPTIMIZATION_LEVEL = 0;
				GCC_PREPROCESSOR_DEFINITIONS = (
					"DEBUG=1",
					"$(inherited)",
				);
				GCC_WARN_64_TO_32_BIT_CONVERSION = YES;
				GCC_WARN_ABOUT_RETURN_TYPE = YES_ERROR;
				GCC_WARN_UNDECLARED_SELECTOR = YES;
				GCC_WARN_UNINITIALIZED_AUTOS = YES_AGGRESSIVE;
				GCC_WARN_UNUSED_FUNCTION = YES;
				GCC_WARN_UNUSED_VARIABLE = YES;
				IPHONEOS_DEPLOYMENT_TARGET = 13.5;
				MTL_ENABLE_DEBUG_INFO = INCLUDE_SOURCE;
				MTL_FAST_MATH = YES;
				ONLY_ACTIVE_ARCH = YES;
				SDKROOT = iphoneos;
				SWIFT_ACTIVE_COMPILATION_CONDITIONS = DEBUG;
				SWIFT_OPTIMIZATION_LEVEL = "-Onone";
				VERSIONING_SYSTEM = "apple-generic";
				VERSION_INFO_PREFIX = "";
			};
			name = Debug;
		};
		F7E795702488204900D3FA58 /* Release */ = {
			isa = XCBuildConfiguration;
			buildSettings = {
				ALWAYS_SEARCH_USER_PATHS = NO;
				CLANG_ANALYZER_NONNULL = YES;
				CLANG_ANALYZER_NUMBER_OBJECT_CONVERSION = YES_AGGRESSIVE;
				CLANG_CXX_LANGUAGE_STANDARD = "gnu++14";
				CLANG_CXX_LIBRARY = "libc++";
				CLANG_ENABLE_MODULES = YES;
				CLANG_ENABLE_OBJC_ARC = YES;
				CLANG_ENABLE_OBJC_WEAK = YES;
				CLANG_WARN_BLOCK_CAPTURE_AUTORELEASING = YES;
				CLANG_WARN_BOOL_CONVERSION = YES;
				CLANG_WARN_COMMA = YES;
				CLANG_WARN_CONSTANT_CONVERSION = YES;
				CLANG_WARN_DEPRECATED_OBJC_IMPLEMENTATIONS = YES;
				CLANG_WARN_DIRECT_OBJC_ISA_USAGE = YES_ERROR;
				CLANG_WARN_DOCUMENTATION_COMMENTS = YES;
				CLANG_WARN_EMPTY_BODY = YES;
				CLANG_WARN_ENUM_CONVERSION = YES;
				CLANG_WARN_INFINITE_RECURSION = YES;
				CLANG_WARN_INT_CONVERSION = YES;
				CLANG_WARN_NON_LITERAL_NULL_CONVERSION = YES;
				CLANG_WARN_OBJC_IMPLICIT_RETAIN_SELF = YES;
				CLANG_WARN_OBJC_LITERAL_CONVERSION = YES;
				CLANG_WARN_OBJC_ROOT_CLASS = YES_ERROR;
				CLANG_WARN_RANGE_LOOP_ANALYSIS = YES;
				CLANG_WARN_STRICT_PROTOTYPES = YES;
				CLANG_WARN_SUSPICIOUS_MOVE = YES;
				CLANG_WARN_UNGUARDED_AVAILABILITY = YES_AGGRESSIVE;
				CLANG_WARN_UNREACHABLE_CODE = YES;
				CLANG_WARN__DUPLICATE_METHOD_MATCH = YES;
				COPY_PHASE_STRIP = NO;
				CURRENT_PROJECT_VERSION = 1;
				DEBUG_INFORMATION_FORMAT = "dwarf-with-dsym";
				ENABLE_NS_ASSERTIONS = NO;
				ENABLE_STRICT_OBJC_MSGSEND = YES;
				GCC_C_LANGUAGE_STANDARD = gnu11;
				GCC_NO_COMMON_BLOCKS = YES;
				GCC_WARN_64_TO_32_BIT_CONVERSION = YES;
				GCC_WARN_ABOUT_RETURN_TYPE = YES_ERROR;
				GCC_WARN_UNDECLARED_SELECTOR = YES;
				GCC_WARN_UNINITIALIZED_AUTOS = YES_AGGRESSIVE;
				GCC_WARN_UNUSED_FUNCTION = YES;
				GCC_WARN_UNUSED_VARIABLE = YES;
				IPHONEOS_DEPLOYMENT_TARGET = 13.5;
				MTL_ENABLE_DEBUG_INFO = NO;
				MTL_FAST_MATH = YES;
				SDKROOT = iphoneos;
				SWIFT_COMPILATION_MODE = wholemodule;
				SWIFT_OPTIMIZATION_LEVEL = "-O";
				VALIDATE_PRODUCT = YES;
				VERSIONING_SYSTEM = "apple-generic";
				VERSION_INFO_PREFIX = "";
			};
			name = Release;
		};
		F7E795722488204900D3FA58 /* Debug */ = {
			isa = XCBuildConfiguration;
			buildSettings = {
				CLANG_ENABLE_MODULES = YES;
				CODE_SIGN_STYLE = Automatic;
				DEFINES_MODULE = YES;
				DYLIB_COMPATIBILITY_VERSION = 1;
				DYLIB_CURRENT_VERSION = 1;
				DYLIB_INSTALL_NAME_BASE = "@rpath";
				INFOPLIST_FILE = "PGN-Writer/Info.plist";
				INSTALL_PATH = "$(LOCAL_LIBRARY_DIR)/Frameworks";
				LD_RUNPATH_SEARCH_PATHS = (
					"$(inherited)",
					"@executable_path/Frameworks",
					"@loader_path/Frameworks",
				);
				PRODUCT_BUNDLE_IDENTIFIER = "com.A.F.PGN-Writer";
				PRODUCT_NAME = "$(TARGET_NAME:c99extidentifier)";
				SKIP_INSTALL = YES;
				SWIFT_OPTIMIZATION_LEVEL = "-Onone";
				SWIFT_VERSION = 5.0;
				TARGETED_DEVICE_FAMILY = "1,2";
			};
			name = Debug;
		};
		F7E795732488204900D3FA58 /* Release */ = {
			isa = XCBuildConfiguration;
			buildSettings = {
				CLANG_ENABLE_MODULES = YES;
				CODE_SIGN_STYLE = Automatic;
				DEFINES_MODULE = YES;
				DYLIB_COMPATIBILITY_VERSION = 1;
				DYLIB_CURRENT_VERSION = 1;
				DYLIB_INSTALL_NAME_BASE = "@rpath";
				INFOPLIST_FILE = "PGN-Writer/Info.plist";
				INSTALL_PATH = "$(LOCAL_LIBRARY_DIR)/Frameworks";
				LD_RUNPATH_SEARCH_PATHS = (
					"$(inherited)",
					"@executable_path/Frameworks",
					"@loader_path/Frameworks",
				);
				PRODUCT_BUNDLE_IDENTIFIER = "com.A.F.PGN-Writer";
				PRODUCT_NAME = "$(TARGET_NAME:c99extidentifier)";
				SKIP_INSTALL = YES;
				SWIFT_VERSION = 5.0;
				TARGETED_DEVICE_FAMILY = "1,2";
			};
			name = Release;
		};
		F7E795752488204900D3FA58 /* Debug */ = {
			isa = XCBuildConfiguration;
			buildSettings = {
				ALWAYS_EMBED_SWIFT_STANDARD_LIBRARIES = YES;
				CODE_SIGN_STYLE = Automatic;
				INFOPLIST_FILE = "PGN-WriterTests/Info.plist";
				LD_RUNPATH_SEARCH_PATHS = (
					"$(inherited)",
					"@executable_path/Frameworks",
					"@loader_path/Frameworks",
				);
				PRODUCT_BUNDLE_IDENTIFIER = "com.A.F.PGN-WriterTests";
				PRODUCT_NAME = "$(TARGET_NAME)";
				SWIFT_VERSION = 5.0;
				TARGETED_DEVICE_FAMILY = "1,2";
			};
			name = Debug;
		};
		F7E795762488204900D3FA58 /* Release */ = {
			isa = XCBuildConfiguration;
			buildSettings = {
				ALWAYS_EMBED_SWIFT_STANDARD_LIBRARIES = YES;
				CODE_SIGN_STYLE = Automatic;
				INFOPLIST_FILE = "PGN-WriterTests/Info.plist";
				LD_RUNPATH_SEARCH_PATHS = (
					"$(inherited)",
					"@executable_path/Frameworks",
					"@loader_path/Frameworks",
				);
				PRODUCT_BUNDLE_IDENTIFIER = "com.A.F.PGN-WriterTests";
				PRODUCT_NAME = "$(TARGET_NAME)";
				SWIFT_VERSION = 5.0;
				TARGETED_DEVICE_FAMILY = "1,2";
			};
			name = Release;
		};
/* End XCBuildConfiguration section */

/* Begin XCConfigurationList section */
		F7E795572488204900D3FA58 /* Build configuration list for PBXProject "PGN-Writer" */ = {
			isa = XCConfigurationList;
			buildConfigurations = (
				F7E7956F2488204900D3FA58 /* Debug */,
				F7E795702488204900D3FA58 /* Release */,
			);
			defaultConfigurationIsVisible = 0;
			defaultConfigurationName = Release;
		};
		F7E795712488204900D3FA58 /* Build configuration list for PBXNativeTarget "PGN-Writer" */ = {
			isa = XCConfigurationList;
			buildConfigurations = (
				F7E795722488204900D3FA58 /* Debug */,
				F7E795732488204900D3FA58 /* Release */,
			);
			defaultConfigurationIsVisible = 0;
			defaultConfigurationName = Release;
		};
		F7E795742488204900D3FA58 /* Build configuration list for PBXNativeTarget "PGN-WriterTests" */ = {
			isa = XCConfigurationList;
			buildConfigurations = (
				F7E795752488204900D3FA58 /* Debug */,
				F7E795762488204900D3FA58 /* Release */,
			);
			defaultConfigurationIsVisible = 0;
			defaultConfigurationName = Release;
		};
/* End XCConfigurationList section */
	};
	rootObject = F7E795542488204900D3FA58 /* Project object */;
}
